// !$*UTF8*$!
{
	archiveVersion = 1;
	classes = {
	};
	objectVersion = 50;
	objects = {

/* Begin PBXBuildFile section */
		7F3EAB1120A725CF007A2646 /* COTWorldTests.swift in Sources */ = {isa = PBXBuildFile; fileRef = 7F3EAB1020A725CF007A2646 /* COTWorldTests.swift */; };
		7F436FBF20A6F505007981BE /* NiceButton.swift in Sources */ = {isa = PBXBuildFile; fileRef = 7F436FBE20A6F505007981BE /* NiceButton.swift */; };
		7F7300AA20A23C950030295D /* CountryCell.swift in Sources */ = {isa = PBXBuildFile; fileRef = 7F7300A920A23C950030295D /* CountryCell.swift */; };
		7FDCDE5D20A21AEB004ED149 /* AppDelegate.swift in Sources */ = {isa = PBXBuildFile; fileRef = 7FDCDE5C20A21AEB004ED149 /* AppDelegate.swift */; };
		7FDCDE5F20A21AEB004ED149 /* CountriesVC.swift in Sources */ = {isa = PBXBuildFile; fileRef = 7FDCDE5E20A21AEB004ED149 /* CountriesVC.swift */; };
		7FDCDE6220A21AEB004ED149 /* Main.storyboard in Resources */ = {isa = PBXBuildFile; fileRef = 7FDCDE6020A21AEB004ED149 /* Main.storyboard */; };
		7FDCDE6420A21AF5004ED149 /* Assets.xcassets in Resources */ = {isa = PBXBuildFile; fileRef = 7FDCDE6320A21AF5004ED149 /* Assets.xcassets */; };
		7FDCDE6720A21AF5004ED149 /* LaunchScreen.storyboard in Resources */ = {isa = PBXBuildFile; fileRef = 7FDCDE6520A21AF5004ED149 /* LaunchScreen.storyboard */; };
		7FDCDE7020A21B1D004ED149 /* Country.swift in Sources */ = {isa = PBXBuildFile; fileRef = 7FDCDE6F20A21B1D004ED149 /* Country.swift */; };
		7FDCDE7320A21D7E004ED149 /* CountryService.swift in Sources */ = {isa = PBXBuildFile; fileRef = 7FDCDE7220A21D7E004ED149 /* CountryService.swift */; };
		7FDF541120A5EC1600E48198 /* DetailVC.swift in Sources */ = {isa = PBXBuildFile; fileRef = 7FDF541020A5EC1600E48198 /* DetailVC.swift */; };
/* End PBXBuildFile section */

/* Begin PBXContainerItemProxy section */
		7F3EAB1320A725CF007A2646 /* PBXContainerItemProxy */ = {
			isa = PBXContainerItemProxy;
			containerPortal = 7FDCDE5120A21AEB004ED149 /* Project object */;
			proxyType = 1;
			remoteGlobalIDString = 7FDCDE5820A21AEB004ED149;
			remoteInfo = COTWorld;
		};
/* End PBXContainerItemProxy section */

/* Begin PBXFileReference section */
		7F3EAB0E20A725CF007A2646 /* COTWorldTests.xctest */ = {isa = PBXFileReference; explicitFileType = wrapper.cfbundle; includeInIndex = 0; path = COTWorldTests.xctest; sourceTree = BUILT_PRODUCTS_DIR; };
		7F3EAB1020A725CF007A2646 /* COTWorldTests.swift */ = {isa = PBXFileReference; lastKnownFileType = sourcecode.swift; path = COTWorldTests.swift; sourceTree = "<group>"; };
		7F3EAB1220A725CF007A2646 /* Info.plist */ = {isa = PBXFileReference; lastKnownFileType = text.plist.xml; path = Info.plist; sourceTree = "<group>"; };
		7F436FBE20A6F505007981BE /* NiceButton.swift */ = {isa = PBXFileReference; lastKnownFileType = sourcecode.swift; path = NiceButton.swift; sourceTree = "<group>"; };
		7F7300A920A23C950030295D /* CountryCell.swift */ = {isa = PBXFileReference; lastKnownFileType = sourcecode.swift; path = CountryCell.swift; sourceTree = "<group>"; };
		7FDCDE5920A21AEB004ED149 /* COTWorld.app */ = {isa = PBXFileReference; explicitFileType = wrapper.application; includeInIndex = 0; path = COTWorld.app; sourceTree = BUILT_PRODUCTS_DIR; };
		7FDCDE5C20A21AEB004ED149 /* AppDelegate.swift */ = {isa = PBXFileReference; lastKnownFileType = sourcecode.swift; path = AppDelegate.swift; sourceTree = "<group>"; };
		7FDCDE5E20A21AEB004ED149 /* CountriesVC.swift */ = {isa = PBXFileReference; lastKnownFileType = sourcecode.swift; path = CountriesVC.swift; sourceTree = "<group>"; };
		7FDCDE6120A21AEB004ED149 /* Base */ = {isa = PBXFileReference; lastKnownFileType = file.storyboard; name = Base; path = Base.lproj/Main.storyboard; sourceTree = "<group>"; };
		7FDCDE6320A21AF5004ED149 /* Assets.xcassets */ = {isa = PBXFileReference; lastKnownFileType = folder.assetcatalog; path = Assets.xcassets; sourceTree = "<group>"; };
		7FDCDE6620A21AF5004ED149 /* Base */ = {isa = PBXFileReference; lastKnownFileType = file.storyboard; name = Base; path = Base.lproj/LaunchScreen.storyboard; sourceTree = "<group>"; };
		7FDCDE6820A21AF5004ED149 /* Info.plist */ = {isa = PBXFileReference; lastKnownFileType = text.plist.xml; path = Info.plist; sourceTree = "<group>"; };
		7FDCDE6F20A21B1D004ED149 /* Country.swift */ = {isa = PBXFileReference; lastKnownFileType = sourcecode.swift; path = Country.swift; sourceTree = "<group>"; };
		7FDCDE7220A21D7E004ED149 /* CountryService.swift */ = {isa = PBXFileReference; lastKnownFileType = sourcecode.swift; path = CountryService.swift; sourceTree = "<group>"; };
		7FDF541020A5EC1600E48198 /* DetailVC.swift */ = {isa = PBXFileReference; lastKnownFileType = sourcecode.swift; path = DetailVC.swift; sourceTree = "<group>"; };
/* End PBXFileReference section */

/* Begin PBXFrameworksBuildPhase section */
		7F3EAB0B20A725CF007A2646 /* Frameworks */ = {
			isa = PBXFrameworksBuildPhase;
			buildActionMask = 2147483647;
			files = (
			);
			runOnlyForDeploymentPostprocessing = 0;
		};
		7FDCDE5620A21AEB004ED149 /* Frameworks */ = {
			isa = PBXFrameworksBuildPhase;
			buildActionMask = 2147483647;
			files = (
			);
			runOnlyForDeploymentPostprocessing = 0;
		};
/* End PBXFrameworksBuildPhase section */

/* Begin PBXGroup section */
		7F3EAB0F20A725CF007A2646 /* COTWorldTests */ = {
			isa = PBXGroup;
			children = (
				7F3EAB1020A725CF007A2646 /* COTWorldTests.swift */,
				7F3EAB1220A725CF007A2646 /* Info.plist */,
			);
			path = COTWorldTests;
			sourceTree = "<group>";
		};
		7FDCDE5020A21AEB004ED149 = {
			isa = PBXGroup;
			children = (
				7FDCDE5B20A21AEB004ED149 /* COTWorld */,
				7F3EAB0F20A725CF007A2646 /* COTWorldTests */,
				7FDCDE5A20A21AEB004ED149 /* Products */,
			);
			sourceTree = "<group>";
		};
		7FDCDE5A20A21AEB004ED149 /* Products */ = {
			isa = PBXGroup;
			children = (
				7FDCDE5920A21AEB004ED149 /* COTWorld.app */,
				7F3EAB0E20A725CF007A2646 /* COTWorldTests.xctest */,
			);
			name = Products;
			sourceTree = "<group>";
		};
		7FDCDE5B20A21AEB004ED149 /* COTWorld */ = {
			isa = PBXGroup;
			children = (
				7FDF541220A5F3D700E48198 /* View */,
				7FDCDE7120A21D5F004ED149 /* Services */,
				7FDCDE6E20A21AFF004ED149 /* Model */,
				7FDCDE7420A23046004ED149 /* Controller */,
				7FDCDE6020A21AEB004ED149 /* Main.storyboard */,
				7FDCDE6320A21AF5004ED149 /* Assets.xcassets */,
				7FDCDE6520A21AF5004ED149 /* LaunchScreen.storyboard */,
				7FDCDE6820A21AF5004ED149 /* Info.plist */,
				7FDCDE5C20A21AEB004ED149 /* AppDelegate.swift */,
			);
			path = COTWorld;
			sourceTree = "<group>";
		};
		7FDCDE6E20A21AFF004ED149 /* Model */ = {
			isa = PBXGroup;
			children = (
				7FDCDE6F20A21B1D004ED149 /* Country.swift */,
			);
			path = Model;
			sourceTree = "<group>";
		};
		7FDCDE7120A21D5F004ED149 /* Services */ = {
			isa = PBXGroup;
			children = (
				7FDCDE7220A21D7E004ED149 /* CountryService.swift */,
			);
			path = Services;
			sourceTree = "<group>";
		};
		7FDCDE7420A23046004ED149 /* Controller */ = {
			isa = PBXGroup;
			children = (
				7FDCDE5E20A21AEB004ED149 /* CountriesVC.swift */,
				7FDF541020A5EC1600E48198 /* DetailVC.swift */,
			);
			path = Controller;
			sourceTree = "<group>";
		};
		7FDF541220A5F3D700E48198 /* View */ = {
			isa = PBXGroup;
			children = (
				7F7300A920A23C950030295D /* CountryCell.swift */,
				7F436FBE20A6F505007981BE /* NiceButton.swift */,
			);
			path = View;
			sourceTree = "<group>";
		};
/* End PBXGroup section */

/* Begin PBXNativeTarget section */
		7F3EAB0D20A725CF007A2646 /* COTWorldTests */ = {
			isa = PBXNativeTarget;
			buildConfigurationList = 7F3EAB1520A725CF007A2646 /* Build configuration list for PBXNativeTarget "COTWorldTests" */;
			buildPhases = (
				7F3EAB0A20A725CF007A2646 /* Sources */,
				7F3EAB0B20A725CF007A2646 /* Frameworks */,
				7F3EAB0C20A725CF007A2646 /* Resources */,
			);
			buildRules = (
			);
			dependencies = (
				7F3EAB1420A725CF007A2646 /* PBXTargetDependency */,
			);
			name = COTWorldTests;
			productName = COTWorldTests;
			productReference = 7F3EAB0E20A725CF007A2646 /* COTWorldTests.xctest */;
			productType = "com.apple.product-type.bundle.unit-test";
		};
		7FDCDE5820A21AEB004ED149 /* COTWorld */ = {
			isa = PBXNativeTarget;
			buildConfigurationList = 7FDCDE6B20A21AF5004ED149 /* Build configuration list for PBXNativeTarget "COTWorld" */;
			buildPhases = (
				7FDCDE5520A21AEB004ED149 /* Sources */,
				7FDCDE5620A21AEB004ED149 /* Frameworks */,
				7FDCDE5720A21AEB004ED149 /* Resources */,
			);
			buildRules = (
			);
			dependencies = (
			);
			name = COTWorld;
			productName = COTWorld;
			productReference = 7FDCDE5920A21AEB004ED149 /* COTWorld.app */;
			productType = "com.apple.product-type.application";
		};
/* End PBXNativeTarget section */

/* Begin PBXProject section */
		7FDCDE5120A21AEB004ED149 /* Project object */ = {
			isa = PBXProject;
			attributes = {
				LastSwiftUpdateCheck = 0930;
				LastUpgradeCheck = 0930;
				ORGANIZATIONNAME = "Karol Zmyslowski";
				TargetAttributes = {
					7F3EAB0D20A725CF007A2646 = {
						CreatedOnToolsVersion = 9.3;
						TestTargetID = 7FDCDE5820A21AEB004ED149;
					};
					7FDCDE5820A21AEB004ED149 = {
						CreatedOnToolsVersion = 9.3;
					};
				};
			};
			buildConfigurationList = 7FDCDE5420A21AEB004ED149 /* Build configuration list for PBXProject "COTWorld" */;
			compatibilityVersion = "Xcode 9.3";
			developmentRegion = en;
			hasScannedForEncodings = 0;
			knownRegions = (
				en,
				Base,
			);
			mainGroup = 7FDCDE5020A21AEB004ED149;
			productRefGroup = 7FDCDE5A20A21AEB004ED149 /* Products */;
			projectDirPath = "";
			projectRoot = "";
			targets = (
				7FDCDE5820A21AEB004ED149 /* COTWorld */,
				7F3EAB0D20A725CF007A2646 /* COTWorldTests */,
			);
		};
/* End PBXProject section */

/* Begin PBXResourcesBuildPhase section */
		7F3EAB0C20A725CF007A2646 /* Resources */ = {
			isa = PBXResourcesBuildPhase;
			buildActionMask = 2147483647;
			files = (
			);
			runOnlyForDeploymentPostprocessing = 0;
		};
		7FDCDE5720A21AEB004ED149 /* Resources */ = {
			isa = PBXResourcesBuildPhase;
			buildActionMask = 2147483647;
			files = (
				7FDCDE6720A21AF5004ED149 /* LaunchScreen.storyboard in Resources */,
				7FDCDE6420A21AF5004ED149 /* Assets.xcassets in Resources */,
				7FDCDE6220A21AEB004ED149 /* Main.storyboard in Resources */,
			);
			runOnlyForDeploymentPostprocessing = 0;
		};
/* End PBXResourcesBuildPhase section */

/* Begin PBXSourcesBuildPhase section */
		7F3EAB0A20A725CF007A2646 /* Sources */ = {
			isa = PBXSourcesBuildPhase;
			buildActionMask = 2147483647;
			files = (
				7F3EAB1120A725CF007A2646 /* COTWorldTests.swift in Sources */,
			);
			runOnlyForDeploymentPostprocessing = 0;
		};
		7FDCDE5520A21AEB004ED149 /* Sources */ = {
			isa = PBXSourcesBuildPhase;
			buildActionMask = 2147483647;
			files = (
				7FDCDE7320A21D7E004ED149 /* CountryService.swift in Sources */,
				7FDCDE5F20A21AEB004ED149 /* CountriesVC.swift in Sources */,
				7F436FBF20A6F505007981BE /* NiceButton.swift in Sources */,
				7F7300AA20A23C950030295D /* CountryCell.swift in Sources */,
				7FDCDE7020A21B1D004ED149 /* Country.swift in Sources */,
				7FDCDE5D20A21AEB004ED149 /* AppDelegate.swift in Sources */,
				7FDF541120A5EC1600E48198 /* DetailVC.swift in Sources */,
			);
			runOnlyForDeploymentPostprocessing = 0;
		};
/* End PBXSourcesBuildPhase section */

/* Begin PBXTargetDependency section */
		7F3EAB1420A725CF007A2646 /* PBXTargetDependency */ = {
			isa = PBXTargetDependency;
			target = 7FDCDE5820A21AEB004ED149 /* COTWorld */;
			targetProxy = 7F3EAB1320A725CF007A2646 /* PBXContainerItemProxy */;
		};
/* End PBXTargetDependency section */

/* Begin PBXVariantGroup section */
		7FDCDE6020A21AEB004ED149 /* Main.storyboard */ = {
			isa = PBXVariantGroup;
			children = (
				7FDCDE6120A21AEB004ED149 /* Base */,
			);
			name = Main.storyboard;
			sourceTree = "<group>";
		};
		7FDCDE6520A21AF5004ED149 /* LaunchScreen.storyboard */ = {
			isa = PBXVariantGroup;
			children = (
				7FDCDE6620A21AF5004ED149 /* Base */,
			);
			name = LaunchScreen.storyboard;
			sourceTree = "<group>";
		};
/* End PBXVariantGroup section */

/* Begin XCBuildConfiguration section */
		7F3EAB1620A725CF007A2646 /* Debug */ = {
			isa = XCBuildConfiguration;
			buildSettings = {
				BUNDLE_LOADER = "$(TEST_HOST)";
				CODE_SIGN_STYLE = Automatic;
				DEVELOPMENT_TEAM = R2X43E6VD5;
				INFOPLIST_FILE = COTWorldTests/Info.plist;
				LD_RUNPATH_SEARCH_PATHS = (
					"$(inherited)",
					"@executable_path/Frameworks",
					"@loader_path/Frameworks",
				);
				PRODUCT_BUNDLE_IDENTIFIER = karolZmyslowski.COTWorldTests;
				PRODUCT_NAME = "$(TARGET_NAME)";
				SWIFT_VERSION = 4.0;
				TARGETED_DEVICE_FAMILY = "1,2";
				TEST_HOST = "$(BUILT_PRODUCTS_DIR)/COTWorld.app/COTWorld";
			};
			name = Debug;
		};
		7F3EAB1720A725CF007A2646 /* Release */ = {
			isa = XCBuildConfiguration;
			buildSettings = {
				BUNDLE_LOADER = "$(TEST_HOST)";
				CODE_SIGN_STYLE = Automatic;
				DEVELOPMENT_TEAM = R2X43E6VD5;
				INFOPLIST_FILE = COTWorldTests/Info.plist;
				LD_RUNPATH_SEARCH_PATHS = (
					"$(inherited)",
					"@executable_path/Frameworks",
					"@loader_path/Frameworks",
				);
				PRODUCT_BUNDLE_IDENTIFIER = karolZmyslowski.COTWorldTests;
				PRODUCT_NAME = "$(TARGET_NAME)";
				SWIFT_VERSION = 4.0;
				TARGETED_DEVICE_FAMILY = "1,2";
				TEST_HOST = "$(BUILT_PRODUCTS_DIR)/COTWorld.app/COTWorld";
			};
			name = Release;
		};
		7FDCDE6920A21AF5004ED149 /* Debug */ = {
			isa = XCBuildConfiguration;
			buildSettings = {
				ALWAYS_SEARCH_USER_PATHS = NO;
				CLANG_ANALYZER_NONNULL = YES;
				CLANG_ANALYZER_NUMBER_OBJECT_CONVERSION = YES_AGGRESSIVE;
				CLANG_CXX_LANGUAGE_STANDARD = "gnu++14";
				CLANG_CXX_LIBRARY = "libc++";
				CLANG_ENABLE_MODULES = YES;
				CLANG_ENABLE_OBJC_ARC = YES;
				CLANG_ENABLE_OBJC_WEAK = YES;
				CLANG_WARN_BLOCK_CAPTURE_AUTORELEASING = YES;
				CLANG_WARN_BOOL_CONVERSION = YES;
				CLANG_WARN_COMMA = YES;
				CLANG_WARN_CONSTANT_CONVERSION = YES;
				CLANG_WARN_DEPRECATED_OBJC_IMPLEMENTATIONS = YES;
				CLANG_WARN_DIRECT_OBJC_ISA_USAGE = YES_ERROR;
				CLANG_WARN_DOCUMENTATION_COMMENTS = YES;
				CLANG_WARN_EMPTY_BODY = YES;
				CLANG_WARN_ENUM_CONVERSION = YES;
				CLANG_WARN_INFINITE_RECURSION = YES;
				CLANG_WARN_INT_CONVERSION = YES;
				CLANG_WARN_NON_LITERAL_NULL_CONVERSION = YES;
				CLANG_WARN_OBJC_IMPLICIT_RETAIN_SELF = YES;
				CLANG_WARN_OBJC_LITERAL_CONVERSION = YES;
				CLANG_WARN_OBJC_ROOT_CLASS = YES_ERROR;
				CLANG_WARN_RANGE_LOOP_ANALYSIS = YES;
				CLANG_WARN_STRICT_PROTOTYPES = YES;
				CLANG_WARN_SUSPICIOUS_MOVE = YES;
				CLANG_WARN_UNGUARDED_AVAILABILITY = YES_AGGRESSIVE;
				CLANG_WARN_UNREACHABLE_CODE = YES;
				CLANG_WARN__DUPLICATE_METHOD_MATCH = YES;
				CODE_SIGN_IDENTITY = "iPhone Developer";
				COPY_PHASE_STRIP = NO;
				DEBUG_INFORMATION_FORMAT = dwarf;
				ENABLE_STRICT_OBJC_MSGSEND = YES;
				ENABLE_TESTABILITY = YES;
				GCC_C_LANGUAGE_STANDARD = gnu11;
				GCC_DYNAMIC_NO_PIC = NO;
				GCC_NO_COMMON_BLOCKS = YES;
				GCC_OPTIMIZATION_LEVEL = 0;
				GCC_PREPROCESSOR_DEFINITIONS = (
					"DEBUG=1",
					"$(inherited)",
				);
				GCC_WARN_64_TO_32_BIT_CONVERSION = YES;
				GCC_WARN_ABOUT_RETURN_TYPE = YES_ERROR;
				GCC_WARN_UNDECLARED_SELECTOR = YES;
				GCC_WARN_UNINITIALIZED_AUTOS = YES_AGGRESSIVE;
				GCC_WARN_UNUSED_FUNCTION = YES;
				GCC_WARN_UNUSED_VARIABLE = YES;
				IPHONEOS_DEPLOYMENT_TARGET = 11.3;
				MTL_ENABLE_DEBUG_INFO = YES;
				ONLY_ACTIVE_ARCH = YES;
				SDKROOT = iphoneos;
				SWIFT_ACTIVE_COMPILATION_CONDITIONS = DEBUG;
				SWIFT_OPTIMIZATION_LEVEL = "-Onone";
			};
			name = Debug;
		};
		7FDCDE6A20A21AF5004ED149 /* Release */ = {
			isa = XCBuildConfiguration;
			buildSettings = {
				ALWAYS_SEARCH_USER_PATHS = NO;
				CLANG_ANALYZER_NONNULL = YES;
				CLANG_ANALYZER_NUMBER_OBJECT_CONVERSION = YES_AGGRESSIVE;
				CLANG_CXX_LANGUAGE_STANDARD = "gnu++14";
				CLANG_CXX_LIBRARY = "libc++";
				CLANG_ENABLE_MODULES = YES;
				CLANG_ENABLE_OBJC_ARC = YES;
				CLANG_ENABLE_OBJC_WEAK = YES;
				CLANG_WARN_BLOCK_CAPTURE_AUTORELEASING = YES;
				CLANG_WARN_BOOL_CONVERSION = YES;
				CLANG_WARN_COMMA = YES;
				CLANG_WARN_CONSTANT_CONVERSION = YES;
				CLANG_WARN_DEPRECATED_OBJC_IMPLEMENTATIONS = YES;
				CLANG_WARN_DIRECT_OBJC_ISA_USAGE = YES_ERROR;
				CLANG_WARN_DOCUMENTATION_COMMENTS = YES;
				CLANG_WARN_EMPTY_BODY = YES;
				CLANG_WARN_ENUM_CONVERSION = YES;
				CLANG_WARN_INFINITE_RECURSION = YES;
				CLANG_WARN_INT_CONVERSION = YES;
				CLANG_WARN_NON_LITERAL_NULL_CONVERSION = YES;
				CLANG_WARN_OBJC_IMPLICIT_RETAIN_SELF = YES;
				CLANG_WARN_OBJC_LITERAL_CONVERSION = YES;
				CLANG_WARN_OBJC_ROOT_CLASS = YES_ERROR;
				CLANG_WARN_RANGE_LOOP_ANALYSIS = YES;
				CLANG_WARN_STRICT_PROTOTYPES = YES;
				CLANG_WARN_SUSPICIOUS_MOVE = YES;
				CLANG_WARN_UNGUARDED_AVAILABILITY = YES_AGGRESSIVE;
				CLANG_WARN_UNREACHABLE_CODE = YES;
				CLANG_WARN__DUPLICATE_METHOD_MATCH = YES;
				CODE_SIGN_IDENTITY = "iPhone Developer";
				COPY_PHASE_STRIP = NO;
				DEBUG_INFORMATION_FORMAT = "dwarf-with-dsym";
				ENABLE_NS_ASSERTIONS = NO;
				ENABLE_STRICT_OBJC_MSGSEND = YES;
				GCC_C_LANGUAGE_STANDARD = gnu11;
				GCC_NO_COMMON_BLOCKS = YES;
				GCC_WARN_64_TO_32_BIT_CONVERSION = YES;
				GCC_WARN_ABOUT_RETURN_TYPE = YES_ERROR;
				GCC_WARN_UNDECLARED_SELECTOR = YES;
				GCC_WARN_UNINITIALIZED_AUTOS = YES_AGGRESSIVE;
				GCC_WARN_UNUSED_FUNCTION = YES;
				GCC_WARN_UNUSED_VARIABLE = YES;
				IPHONEOS_DEPLOYMENT_TARGET = 11.3;
				MTL_ENABLE_DEBUG_INFO = NO;
				SDKROOT = iphoneos;
				SWIFT_COMPILATION_MODE = wholemodule;
				SWIFT_OPTIMIZATION_LEVEL = "-O";
				VALIDATE_PRODUCT = YES;
			};
			name = Release;
		};
		7FDCDE6C20A21AF5004ED149 /* Debug */ = {
			isa = XCBuildConfiguration;
			buildSettings = {
				ASSETCATALOG_COMPILER_APPICON_NAME = AppIcon;
				CODE_SIGN_STYLE = Automatic;
				DEVELOPMENT_TEAM = R2X43E6VD5;
				INFOPLIST_FILE = COTWorld/Info.plist;
				LD_RUNPATH_SEARCH_PATHS = (
					"$(inherited)",
					"@executable_path/Frameworks",
				);
				PRODUCT_BUNDLE_IDENTIFIER = karolZmyslowski.COTWorld;
				PRODUCT_NAME = "$(TARGET_NAME)";
				SWIFT_VERSION = 4.0;
				TARGETED_DEVICE_FAMILY = "1,2";
			};
			name = Debug;
		};
		7FDCDE6D20A21AF5004ED149 /* Release */ = {
			isa = XCBuildConfiguration;
			buildSettings = {
				ASSETCATALOG_COMPILER_APPICON_NAME = AppIcon;
				CODE_SIGN_STYLE = Automatic;
				DEVELOPMENT_TEAM = R2X43E6VD5;
				INFOPLIST_FILE = COTWorld/Info.plist;
				LD_RUNPATH_SEARCH_PATHS = (
					"$(inherited)",
					"@executable_path/Frameworks",
				);
				PRODUCT_BUNDLE_IDENTIFIER = karolZmyslowski.COTWorld;
				PRODUCT_NAME = "$(TARGET_NAME)";
				SWIFT_VERSION = 4.0;
				TARGETED_DEVICE_FAMILY = "1,2";
			};
			name = Release;
		};
/* End XCBuildConfiguration section */

/* Begin XCConfigurationList section */
		7F3EAB1520A725CF007A2646 /* Build configuration list for PBXNativeTarget "COTWorldTests" */ = {
			isa = XCConfigurationList;
			buildConfigurations = (
				7F3EAB1620A725CF007A2646 /* Debug */,
				7F3EAB1720A725CF007A2646 /* Release */,
			);
			defaultConfigurationIsVisible = 0;
			defaultConfigurationName = Release;
		};
		7FDCDE5420A21AEB004ED149 /* Build configuration list for PBXProject "COTWorld" */ = {
			isa = XCConfigurationList;
			buildConfigurations = (
				7FDCDE6920A21AF5004ED149 /* Debug */,
				7FDCDE6A20A21AF5004ED149 /* Release */,
			);
			defaultConfigurationIsVisible = 0;
			defaultConfigurationName = Release;
		};
		7FDCDE6B20A21AF5004ED149 /* Build configuration list for PBXNativeTarget "COTWorld" */ = {
			isa = XCConfigurationList;
			buildConfigurations = (
				7FDCDE6C20A21AF5004ED149 /* Debug */,
				7FDCDE6D20A21AF5004ED149 /* Release */,
			);
			defaultConfigurationIsVisible = 0;
			defaultConfigurationName = Release;
		};
/* End XCConfigurationList section */
	};
	rootObject = 7FDCDE5120A21AEB004ED149 /* Project object */;
}
